{
  "name": "example-backend-app",
  "version": "1.0.0",
  "lockfileVersion": 3,
  "requires": true,
  "packages": {
    "": {
      "dependencies": {
        "@enactprotocol/security": "file:../packages/security"
      }
    },
    "../packages/security": {
      "name": "@enactprotocol/security",
      "version": "0.1.0",
      "license": "MIT",
      "dependencies": {
        "@noble/curves": "^1.4.0",
        "@noble/hashes": "^1.4.0"
      },
      "devDependencies": {
        "@types/node": "^20.0.0",
        "typescript": "^5.0.0"
      }
    },
    "node_modules/@enactprotocol/security": {
      "resolved": "../packages/security",
      "link": true
    }
  }
}
